
Microsoft Visual Studio Solution File, Format Version 12.00
# Visual Studio 2013
VisualStudioVersion = 12.0.31101.0
MinimumVisualStudioVersion = 10.0.40219.1
Project("{FAE04EC0-301F-11D3-BF4B-00C04F79EFBC}") = "Problem1.DbContextSoftUniDatabase", "DatabaseApps-Homework01\Problem1.DbContextSoftUniDatabase.csproj", "{89DC9BA4-3A2B-4403-A0AC-2FD62D24C504}"
EndProject
Project("{FAE04EC0-301F-11D3-BF4B-00C04F79EFBC}") = "Problem2.EmployeeDAOClass", "Problem2.EmployeeDAOClass\Problem2.EmployeeDAOClass.csproj", "{C88975BF-5C9E-4DEF-B8B5-E87C5C945DA0}"
EndProject
Project("{FAE04EC0-301F-11D3-BF4B-00C04F79EFBC}") = "Problem3.DatabaseSearchQueries", "Problem3.DatabaseSearchQueries\Problem3.DatabaseSearchQueries.csproj", "{7D4AB245-EF2A-492F-8850-EC5552D26362}"
EndProject
Global
	GlobalSection(SolutionConfigurationPlatforms) = preSolution
		Debug|Any CPU = Debug|Any CPU
		Release|Any CPU = Release|Any CPU
	EndGlobalSection
	GlobalSection(ProjectConfigurationPlatforms) = postSolution
		{89DC9BA4-3A2B-4403-A0AC-2FD62D24C504}.Debug|Any CPU.ActiveCfg = Debug|Any CPU
		{89DC9BA4-3A2B-4403-A0AC-2FD62D24C504}.Debug|Any CPU.Build.0 = Debug|Any CPU
		{89DC9BA4-3A2B-4403-A0AC-2FD62D24C504}.Release|Any CPU.ActiveCfg = Release|Any CPU
		{89DC9BA4-3A2B-4403-A0AC-2FD62D24C504}.Release|Any CPU.Build.0 = Release|Any CPU
		{C88975BF-5C9E-4DEF-B8B5-E87C5C945DA0}.Debug|Any CPU.ActiveCfg = Debug|Any CPU
		{C88975BF-5C9E-4DEF-B8B5-E87C5C945DA0}.Debug|Any CPU.Build.0 = Debug|Any CPU
		{C88975BF-5C9E-4DEF-B8B5-E87C5C945DA0}.Release|Any CPU.ActiveCfg = Release|Any CPU
		{C88975BF-5C9E-4DEF-B8B5-E87C5C945DA0}.Release|Any CPU.Build.0 = Release|Any CPU
		{7D4AB245-EF2A-492F-8850-EC5552D26362}.Debug|Any CPU.ActiveCfg = Debug|Any CPU
		{7D4AB245-EF2A-492F-8850-EC5552D26362}.Debug|Any CPU.Build.0 = Debug|Any CPU
		{7D4AB245-EF2A-492F-8850-EC5552D26362}.Release|Any CPU.ActiveCfg = Release|Any CPU
		{7D4AB245-EF2A-492F-8850-EC5552D26362}.Release|Any CPU.Build.0 = Release|Any CPU
	EndGlobalSection
	GlobalSection(SolutionProperties) = preSolution
		HideSolutionNode = FALSE
	EndGlobalSection
EndGlobal
