
Microsoft Visual Studio Solution File, Format Version 12.00
# Visual Studio 2013
VisualStudioVersion = 12.0.31101.0
MinimumVisualStudioVersion = 10.0.40219.1
Project("{FAE04EC0-301F-11D3-BF4B-00C04F79EFBC}") = "6.2-XML-Processing", "Database-Apps-Homework06-XML\6.2-XML-Processing.csproj", "{EE3333FB-2719-438D-A477-AFD25C95B890}"
EndProject
Project("{2150E333-8FDC-42A3-9474-1A3956D46DE8}") = "6.1.XML-Concepts", "6.1.XML-Concepts", "{142F1A5C-24FF-43D7-B2A0-AC8719EF445B}"
	ProjectSection(SolutionItems) = preProject
		..\..\SoftUni Materials\BackEndLevel\DataBase-Apps\Homework-XML-Concepts\1.Students.xml = ..\..\SoftUni Materials\BackEndLevel\DataBase-Apps\Homework-XML-Concepts\1.Students.xml
		..\..\SoftUni Materials\BackEndLevel\DataBase-Apps\Homework-XML-Concepts\2.StudentsWithNamespace.xml = ..\..\SoftUni Materials\BackEndLevel\DataBase-Apps\Homework-XML-Concepts\2.StudentsWithNamespace.xml
		..\..\SoftUni Materials\BackEndLevel\DataBase-Apps\Homework-XML-Concepts\2.StudentsWithNamespace.xsd = ..\..\SoftUni Materials\BackEndLevel\DataBase-Apps\Homework-XML-Concepts\2.StudentsWithNamespace.xsd
		..\..\SoftUni Materials\BackEndLevel\DataBase-Apps\Homework-XML-Concepts\2.StudentsWithNamespace1.xsd = ..\..\SoftUni Materials\BackEndLevel\DataBase-Apps\Homework-XML-Concepts\2.StudentsWithNamespace1.xsd
		..\..\SoftUni Materials\BackEndLevel\DataBase-Apps\Homework-XML-Concepts\2.StudentsWithNamespace2.xsd = ..\..\SoftUni Materials\BackEndLevel\DataBase-Apps\Homework-XML-Concepts\2.StudentsWithNamespace2.xsd
	EndProjectSection
EndProject
Global
	GlobalSection(SolutionConfigurationPlatforms) = preSolution
		Debug|Any CPU = Debug|Any CPU
		Release|Any CPU = Release|Any CPU
	EndGlobalSection
	GlobalSection(ProjectConfigurationPlatforms) = postSolution
		{EE3333FB-2719-438D-A477-AFD25C95B890}.Debug|Any CPU.ActiveCfg = Debug|Any CPU
		{EE3333FB-2719-438D-A477-AFD25C95B890}.Debug|Any CPU.Build.0 = Debug|Any CPU
		{EE3333FB-2719-438D-A477-AFD25C95B890}.Release|Any CPU.ActiveCfg = Release|Any CPU
		{EE3333FB-2719-438D-A477-AFD25C95B890}.Release|Any CPU.Build.0 = Release|Any CPU
	EndGlobalSection
	GlobalSection(SolutionProperties) = preSolution
		HideSolutionNode = FALSE
	EndGlobalSection
EndGlobal
